// !$*UTF8*$!
{
	archiveVersion = 1;
	classes = {
	};
	objectVersion = 56;
	objects = {

/* Begin PBXBuildFile section */
		D6878BA62C3CA00300FD4827 /* GoogleService-Info.plist in Resources */ = {isa = PBXBuildFile; fileRef = D6878BA52C3CA00300FD4827 /* GoogleService-Info.plist */; };
		D6878BA92C3CA10E00FD4827 /* FirebaseAnalytics in Frameworks */ = {isa = PBXBuildFile; productRef = D6878BA82C3CA10E00FD4827 /* FirebaseAnalytics */; };
		D6878BAB2C3CA10E00FD4827 /* FirebaseAnalyticsOnDeviceConversion in Frameworks */ = {isa = PBXBuildFile; productRef = D6878BAA2C3CA10E00FD4827 /* FirebaseAnalyticsOnDeviceConversion */; };
		D6878BAD2C3CA10E00FD4827 /* FirebaseAnalyticsSwift in Frameworks */ = {isa = PBXBuildFile; productRef = D6878BAC2C3CA10E00FD4827 /* FirebaseAnalyticsSwift */; };
		D6878BAF2C3CA10E00FD4827 /* FirebaseAnalyticsWithoutAdIdSupport in Frameworks */ = {isa = PBXBuildFile; productRef = D6878BAE2C3CA10E00FD4827 /* FirebaseAnalyticsWithoutAdIdSupport */; };
		D6878BB12C3CA10E00FD4827 /* FirebaseAppCheck in Frameworks */ = {isa = PBXBuildFile; productRef = D6878BB02C3CA10E00FD4827 /* FirebaseAppCheck */; };
		D6878BB32C3CA10E00FD4827 /* FirebaseAppDistribution-Beta in Frameworks */ = {isa = PBXBuildFile; productRef = D6878BB22C3CA10E00FD4827 /* FirebaseAppDistribution-Beta */; };
		D6878BB52C3CA10E00FD4827 /* FirebaseAuth in Frameworks */ = {isa = PBXBuildFile; productRef = D6878BB42C3CA10E00FD4827 /* FirebaseAuth */; };
		D6878BB72C3CA10E00FD4827 /* FirebaseAuthCombine-Community in Frameworks */ = {isa = PBXBuildFile; productRef = D6878BB62C3CA10E00FD4827 /* FirebaseAuthCombine-Community */; };
		D6878BB92C3CA10E00FD4827 /* FirebaseCrashlytics in Frameworks */ = {isa = PBXBuildFile; productRef = D6878BB82C3CA10E00FD4827 /* FirebaseCrashlytics */; };
		D6878BBB2C3CA10E00FD4827 /* FirebaseDatabase in Frameworks */ = {isa = PBXBuildFile; productRef = D6878BBA2C3CA10E00FD4827 /* FirebaseDatabase */; };
		D6878BBD2C3CA10E00FD4827 /* FirebaseDatabaseSwift in Frameworks */ = {isa = PBXBuildFile; productRef = D6878BBC2C3CA10E00FD4827 /* FirebaseDatabaseSwift */; };
		D6878BBF2C3CA10E00FD4827 /* FirebaseDynamicLinks in Frameworks */ = {isa = PBXBuildFile; productRef = D6878BBE2C3CA10E00FD4827 /* FirebaseDynamicLinks */; };
		D6878BC12C3CA10E00FD4827 /* FirebaseFirestore in Frameworks */ = {isa = PBXBuildFile; productRef = D6878BC02C3CA10E00FD4827 /* FirebaseFirestore */; };
		D6878BC32C3CA10E00FD4827 /* FirebaseFirestoreCombine-Community in Frameworks */ = {isa = PBXBuildFile; productRef = D6878BC22C3CA10E00FD4827 /* FirebaseFirestoreCombine-Community */; };
		D6878BC52C3CA10E00FD4827 /* FirebaseFirestoreSwift in Frameworks */ = {isa = PBXBuildFile; productRef = D6878BC42C3CA10E00FD4827 /* FirebaseFirestoreSwift */; };
		D6878BC72C3CA10E00FD4827 /* FirebaseFunctions in Frameworks */ = {isa = PBXBuildFile; productRef = D6878BC62C3CA10E00FD4827 /* FirebaseFunctions */; };
		D6878BC92C3CA10E00FD4827 /* FirebaseFunctionsCombine-Community in Frameworks */ = {isa = PBXBuildFile; productRef = D6878BC82C3CA10E00FD4827 /* FirebaseFunctionsCombine-Community */; };
		D6878BCB2C3CA10E00FD4827 /* FirebaseInAppMessaging-Beta in Frameworks */ = {isa = PBXBuildFile; productRef = D6878BCA2C3CA10E00FD4827 /* FirebaseInAppMessaging-Beta */; };
		D6878BCD2C3CA10E00FD4827 /* FirebaseInAppMessagingSwift-Beta in Frameworks */ = {isa = PBXBuildFile; productRef = D6878BCC2C3CA10E00FD4827 /* FirebaseInAppMessagingSwift-Beta */; };
		D6878BCF2C3CA10E00FD4827 /* FirebaseInstallations in Frameworks */ = {isa = PBXBuildFile; productRef = D6878BCE2C3CA10E00FD4827 /* FirebaseInstallations */; };
		D6878BD12C3CA10E00FD4827 /* FirebaseMLModelDownloader in Frameworks */ = {isa = PBXBuildFile; productRef = D6878BD02C3CA10E00FD4827 /* FirebaseMLModelDownloader */; };
		D6878BD32C3CA10E00FD4827 /* FirebaseMessaging in Frameworks */ = {isa = PBXBuildFile; productRef = D6878BD22C3CA10E00FD4827 /* FirebaseMessaging */; };
		D6878BD52C3CA10E00FD4827 /* FirebasePerformance in Frameworks */ = {isa = PBXBuildFile; productRef = D6878BD42C3CA10E00FD4827 /* FirebasePerformance */; };
		D6878BD72C3CA10E00FD4827 /* FirebaseRemoteConfig in Frameworks */ = {isa = PBXBuildFile; productRef = D6878BD62C3CA10E00FD4827 /* FirebaseRemoteConfig */; };
		D6878BD92C3CA10E00FD4827 /* FirebaseRemoteConfigSwift in Frameworks */ = {isa = PBXBuildFile; productRef = D6878BD82C3CA10E00FD4827 /* FirebaseRemoteConfigSwift */; };
		D6878BDB2C3CA10E00FD4827 /* FirebaseStorage in Frameworks */ = {isa = PBXBuildFile; productRef = D6878BDA2C3CA10E00FD4827 /* FirebaseStorage */; };
		D6878BDD2C3CA10E00FD4827 /* FirebaseStorageCombine-Community in Frameworks */ = {isa = PBXBuildFile; productRef = D6878BDC2C3CA10E00FD4827 /* FirebaseStorageCombine-Community */; };
		D6878BDF2C3CA10E00FD4827 /* FirebaseVertexAI-Preview in Frameworks */ = {isa = PBXBuildFile; productRef = D6878BDE2C3CA10E00FD4827 /* FirebaseVertexAI-Preview */; };
		D6878BE12C3CA3EA00FD4827 /* Database.swift in Sources */ = {isa = PBXBuildFile; fileRef = D6878BE02C3CA3EA00FD4827 /* Database.swift */; };
		D6FF0E7C2C2CD33D00856907 /* MosaicArtApp.swift in Sources */ = {isa = PBXBuildFile; fileRef = D6FF0E7B2C2CD33D00856907 /* MosaicArtApp.swift */; };
		D6FF0E7E2C2CD33D00856907 /* ContentView.swift in Sources */ = {isa = PBXBuildFile; fileRef = D6FF0E7D2C2CD33D00856907 /* ContentView.swift */; };
		D6FF0E802C2CD33F00856907 /* Assets.xcassets in Resources */ = {isa = PBXBuildFile; fileRef = D6FF0E7F2C2CD33F00856907 /* Assets.xcassets */; };
		D6FF0E832C2CD33F00856907 /* Preview Assets.xcassets in Resources */ = {isa = PBXBuildFile; fileRef = D6FF0E822C2CD33F00856907 /* Preview Assets.xcassets */; };
/* End PBXBuildFile section */

/* Begin PBXFileReference section */
		D6878BA52C3CA00300FD4827 /* GoogleService-Info.plist */ = {isa = PBXFileReference; fileEncoding = 4; lastKnownFileType = text.plist.xml; path = "GoogleService-Info.plist"; sourceTree = "<group>"; };
		D6878BE02C3CA3EA00FD4827 /* Database.swift */ = {isa = PBXFileReference; lastKnownFileType = sourcecode.swift; path = Database.swift; sourceTree = "<group>"; };
		D6FF0E782C2CD33D00856907 /* MosaicArt.app */ = {isa = PBXFileReference; explicitFileType = wrapper.application; includeInIndex = 0; path = MosaicArt.app; sourceTree = BUILT_PRODUCTS_DIR; };
		D6FF0E7B2C2CD33D00856907 /* MosaicArtApp.swift */ = {isa = PBXFileReference; lastKnownFileType = sourcecode.swift; path = MosaicArtApp.swift; sourceTree = "<group>"; };
		D6FF0E7D2C2CD33D00856907 /* ContentView.swift */ = {isa = PBXFileReference; lastKnownFileType = sourcecode.swift; path = ContentView.swift; sourceTree = "<group>"; };
		D6FF0E7F2C2CD33F00856907 /* Assets.xcassets */ = {isa = PBXFileReference; lastKnownFileType = folder.assetcatalog; path = Assets.xcassets; sourceTree = "<group>"; };
		D6FF0E822C2CD33F00856907 /* Preview Assets.xcassets */ = {isa = PBXFileReference; lastKnownFileType = folder.assetcatalog; path = "Preview Assets.xcassets"; sourceTree = "<group>"; };
/* End PBXFileReference section */

/* Begin PBXFrameworksBuildPhase section */
		D6FF0E752C2CD33D00856907 /* Frameworks */ = {
			isa = PBXFrameworksBuildPhase;
			buildActionMask = 2147483647;
			files = (
				D6878BBB2C3CA10E00FD4827 /* FirebaseDatabase in Frameworks */,
				D6878BC92C3CA10E00FD4827 /* FirebaseFunctionsCombine-Community in Frameworks */,
				D6878BC12C3CA10E00FD4827 /* FirebaseFirestore in Frameworks */,
				D6878BAD2C3CA10E00FD4827 /* FirebaseAnalyticsSwift in Frameworks */,
				D6878BA92C3CA10E00FD4827 /* FirebaseAnalytics in Frameworks */,
				D6878BAB2C3CA10E00FD4827 /* FirebaseAnalyticsOnDeviceConversion in Frameworks */,
				D6878BD12C3CA10E00FD4827 /* FirebaseMLModelDownloader in Frameworks */,
				D6878BC52C3CA10E00FD4827 /* FirebaseFirestoreSwift in Frameworks */,
				D6878BB12C3CA10E00FD4827 /* FirebaseAppCheck in Frameworks */,
				D6878BAF2C3CA10E00FD4827 /* FirebaseAnalyticsWithoutAdIdSupport in Frameworks */,
				D6878BB52C3CA10E00FD4827 /* FirebaseAuth in Frameworks */,
				D6878BB92C3CA10E00FD4827 /* FirebaseCrashlytics in Frameworks */,
				D6878BD92C3CA10E00FD4827 /* FirebaseRemoteConfigSwift in Frameworks */,
				D6878BCB2C3CA10E00FD4827 /* FirebaseInAppMessaging-Beta in Frameworks */,
				D6878BBD2C3CA10E00FD4827 /* FirebaseDatabaseSwift in Frameworks */,
				D6878BC72C3CA10E00FD4827 /* FirebaseFunctions in Frameworks */,
				D6878BDD2C3CA10E00FD4827 /* FirebaseStorageCombine-Community in Frameworks */,
				D6878BD72C3CA10E00FD4827 /* FirebaseRemoteConfig in Frameworks */,
				D6878BB32C3CA10E00FD4827 /* FirebaseAppDistribution-Beta in Frameworks */,
				D6878BB72C3CA10E00FD4827 /* FirebaseAuthCombine-Community in Frameworks */,
				D6878BD52C3CA10E00FD4827 /* FirebasePerformance in Frameworks */,
				D6878BCD2C3CA10E00FD4827 /* FirebaseInAppMessagingSwift-Beta in Frameworks */,
				D6878BDB2C3CA10E00FD4827 /* FirebaseStorage in Frameworks */,
				D6878BBF2C3CA10E00FD4827 /* FirebaseDynamicLinks in Frameworks */,
				D6878BDF2C3CA10E00FD4827 /* FirebaseVertexAI-Preview in Frameworks */,
				D6878BC32C3CA10E00FD4827 /* FirebaseFirestoreCombine-Community in Frameworks */,
				D6878BD32C3CA10E00FD4827 /* FirebaseMessaging in Frameworks */,
				D6878BCF2C3CA10E00FD4827 /* FirebaseInstallations in Frameworks */,
			);
			runOnlyForDeploymentPostprocessing = 0;
		};
/* End PBXFrameworksBuildPhase section */

/* Begin PBXGroup section */
		D6FF0E6F2C2CD33D00856907 = {
			isa = PBXGroup;
			children = (
				D6FF0E7A2C2CD33D00856907 /* MosaicArt */,
				D6FF0E792C2CD33D00856907 /* Products */,
			);
			sourceTree = "<group>";
		};
		D6FF0E792C2CD33D00856907 /* Products */ = {
			isa = PBXGroup;
			children = (
				D6FF0E782C2CD33D00856907 /* MosaicArt.app */,
			);
			name = Products;
			sourceTree = "<group>";
		};
		D6FF0E7A2C2CD33D00856907 /* MosaicArt */ = {
			isa = PBXGroup;
			children = (
				D6878BA52C3CA00300FD4827 /* GoogleService-Info.plist */,
				D6FF0E7B2C2CD33D00856907 /* MosaicArtApp.swift */,
				D6FF0E7D2C2CD33D00856907 /* ContentView.swift */,
				D6878BE02C3CA3EA00FD4827 /* Database.swift */,
				D6FF0E7F2C2CD33F00856907 /* Assets.xcassets */,
				D6FF0E812C2CD33F00856907 /* Preview Content */,
			);
			path = MosaicArt;
			sourceTree = "<group>";
		};
		D6FF0E812C2CD33F00856907 /* Preview Content */ = {
			isa = PBXGroup;
			children = (
				D6FF0E822C2CD33F00856907 /* Preview Assets.xcassets */,
			);
			path = "Preview Content";
			sourceTree = "<group>";
		};
/* End PBXGroup section */

/* Begin PBXNativeTarget section */
		D6FF0E772C2CD33D00856907 /* MosaicArt */ = {
			isa = PBXNativeTarget;
			buildConfigurationList = D6FF0E862C2CD33F00856907 /* Build configuration list for PBXNativeTarget "MosaicArt" */;
			buildPhases = (
				D6FF0E742C2CD33D00856907 /* Sources */,
				D6FF0E752C2CD33D00856907 /* Frameworks */,
				D6FF0E762C2CD33D00856907 /* Resources */,
			);
			buildRules = (
			);
			dependencies = (
			);
			name = MosaicArt;
			packageProductDependencies = (
				D6878BA82C3CA10E00FD4827 /* FirebaseAnalytics */,
				D6878BAA2C3CA10E00FD4827 /* FirebaseAnalyticsOnDeviceConversion */,
				D6878BAC2C3CA10E00FD4827 /* FirebaseAnalyticsSwift */,
				D6878BAE2C3CA10E00FD4827 /* FirebaseAnalyticsWithoutAdIdSupport */,
				D6878BB02C3CA10E00FD4827 /* FirebaseAppCheck */,
				D6878BB22C3CA10E00FD4827 /* FirebaseAppDistribution-Beta */,
				D6878BB42C3CA10E00FD4827 /* FirebaseAuth */,
				D6878BB62C3CA10E00FD4827 /* FirebaseAuthCombine-Community */,
				D6878BB82C3CA10E00FD4827 /* FirebaseCrashlytics */,
				D6878BBA2C3CA10E00FD4827 /* FirebaseDatabase */,
				D6878BBC2C3CA10E00FD4827 /* FirebaseDatabaseSwift */,
				D6878BBE2C3CA10E00FD4827 /* FirebaseDynamicLinks */,
				D6878BC02C3CA10E00FD4827 /* FirebaseFirestore */,
				D6878BC22C3CA10E00FD4827 /* FirebaseFirestoreCombine-Community */,
				D6878BC42C3CA10E00FD4827 /* FirebaseFirestoreSwift */,
				D6878BC62C3CA10E00FD4827 /* FirebaseFunctions */,
				D6878BC82C3CA10E00FD4827 /* FirebaseFunctionsCombine-Community */,
				D6878BCA2C3CA10E00FD4827 /* FirebaseInAppMessaging-Beta */,
				D6878BCC2C3CA10E00FD4827 /* FirebaseInAppMessagingSwift-Beta */,
				D6878BCE2C3CA10E00FD4827 /* FirebaseInstallations */,
				D6878BD02C3CA10E00FD4827 /* FirebaseMLModelDownloader */,
				D6878BD22C3CA10E00FD4827 /* FirebaseMessaging */,
				D6878BD42C3CA10E00FD4827 /* FirebasePerformance */,
				D6878BD62C3CA10E00FD4827 /* FirebaseRemoteConfig */,
				D6878BD82C3CA10E00FD4827 /* FirebaseRemoteConfigSwift */,
				D6878BDA2C3CA10E00FD4827 /* FirebaseStorage */,
				D6878BDC2C3CA10E00FD4827 /* FirebaseStorageCombine-Community */,
				D6878BDE2C3CA10E00FD4827 /* FirebaseVertexAI-Preview */,
			);
			productName = MosaicArt;
			productReference = D6FF0E782C2CD33D00856907 /* MosaicArt.app */;
			productType = "com.apple.product-type.application";
		};
/* End PBXNativeTarget section */

/* Begin PBXProject section */
		D6FF0E702C2CD33D00856907 /* Project object */ = {
			isa = PBXProject;
			attributes = {
				BuildIndependentTargetsInParallel = 1;
				LastSwiftUpdateCheck = 1510;
				LastUpgradeCheck = 1510;
				TargetAttributes = {
					D6FF0E772C2CD33D00856907 = {
						CreatedOnToolsVersion = 15.1;
					};
				};
			};
			buildConfigurationList = D6FF0E732C2CD33D00856907 /* Build configuration list for PBXProject "MosaicArt" */;
			compatibilityVersion = "Xcode 14.0";
			developmentRegion = en;
			hasScannedForEncodings = 0;
			knownRegions = (
				en,
				Base,
			);
			mainGroup = D6FF0E6F2C2CD33D00856907;
			packageReferences = (
				D6878BA72C3CA10E00FD4827 /* XCRemoteSwiftPackageReference "firebase-ios-sdk" */,
			);
			productRefGroup = D6FF0E792C2CD33D00856907 /* Products */;
			projectDirPath = "";
			projectRoot = "";
			targets = (
				D6FF0E772C2CD33D00856907 /* MosaicArt */,
			);
		};
/* End PBXProject section */

/* Begin PBXResourcesBuildPhase section */
		D6FF0E762C2CD33D00856907 /* Resources */ = {
			isa = PBXResourcesBuildPhase;
			buildActionMask = 2147483647;
			files = (
				D6878BA62C3CA00300FD4827 /* GoogleService-Info.plist in Resources */,
				D6FF0E832C2CD33F00856907 /* Preview Assets.xcassets in Resources */,
				D6FF0E802C2CD33F00856907 /* Assets.xcassets in Resources */,
			);
			runOnlyForDeploymentPostprocessing = 0;
		};
/* End PBXResourcesBuildPhase section */

/* Begin PBXSourcesBuildPhase section */
		D6FF0E742C2CD33D00856907 /* Sources */ = {
			isa = PBXSourcesBuildPhase;
			buildActionMask = 2147483647;
			files = (
				D6878BE12C3CA3EA00FD4827 /* Database.swift in Sources */,
				D6FF0E7E2C2CD33D00856907 /* ContentView.swift in Sources */,
				D6FF0E7C2C2CD33D00856907 /* MosaicArtApp.swift in Sources */,
			);
			runOnlyForDeploymentPostprocessing = 0;
		};
/* End PBXSourcesBuildPhase section */

/* Begin XCBuildConfiguration section */
		D6FF0E842C2CD33F00856907 /* Debug */ = {
			isa = XCBuildConfiguration;
			buildSettings = {
				ALWAYS_SEARCH_USER_PATHS = NO;
				ASSETCATALOG_COMPILER_GENERATE_SWIFT_ASSET_SYMBOL_EXTENSIONS = YES;
				CLANG_ANALYZER_NONNULL = YES;
				CLANG_ANALYZER_NUMBER_OBJECT_CONVERSION = YES_AGGRESSIVE;
				CLANG_CXX_LANGUAGE_STANDARD = "gnu++20";
				CLANG_ENABLE_MODULES = YES;
				CLANG_ENABLE_OBJC_ARC = YES;
				CLANG_ENABLE_OBJC_WEAK = YES;
				CLANG_WARN_BLOCK_CAPTURE_AUTORELEASING = YES;
				CLANG_WARN_BOOL_CONVERSION = YES;
				CLANG_WARN_COMMA = YES;
				CLANG_WARN_CONSTANT_CONVERSION = YES;
				CLANG_WARN_DEPRECATED_OBJC_IMPLEMENTATIONS = YES;
				CLANG_WARN_DIRECT_OBJC_ISA_USAGE = YES_ERROR;
				CLANG_WARN_DOCUMENTATION_COMMENTS = YES;
				CLANG_WARN_EMPTY_BODY = YES;
				CLANG_WARN_ENUM_CONVERSION = YES;
				CLANG_WARN_INFINITE_RECURSION = YES;
				CLANG_WARN_INT_CONVERSION = YES;
				CLANG_WARN_NON_LITERAL_NULL_CONVERSION = YES;
				CLANG_WARN_OBJC_IMPLICIT_RETAIN_SELF = YES;
				CLANG_WARN_OBJC_LITERAL_CONVERSION = YES;
				CLANG_WARN_OBJC_ROOT_CLASS = YES_ERROR;
				CLANG_WARN_QUOTED_INCLUDE_IN_FRAMEWORK_HEADER = YES;
				CLANG_WARN_RANGE_LOOP_ANALYSIS = YES;
				CLANG_WARN_STRICT_PROTOTYPES = YES;
				CLANG_WARN_SUSPICIOUS_MOVE = YES;
				CLANG_WARN_UNGUARDED_AVAILABILITY = YES_AGGRESSIVE;
				CLANG_WARN_UNREACHABLE_CODE = YES;
				CLANG_WARN__DUPLICATE_METHOD_MATCH = YES;
				COPY_PHASE_STRIP = NO;
				DEBUG_INFORMATION_FORMAT = dwarf;
				ENABLE_STRICT_OBJC_MSGSEND = YES;
				ENABLE_TESTABILITY = YES;
				ENABLE_USER_SCRIPT_SANDBOXING = YES;
				GCC_C_LANGUAGE_STANDARD = gnu17;
				GCC_DYNAMIC_NO_PIC = NO;
				GCC_NO_COMMON_BLOCKS = YES;
				GCC_OPTIMIZATION_LEVEL = 0;
				GCC_PREPROCESSOR_DEFINITIONS = (
					"DEBUG=1",
					"$(inherited)",
				);
				GCC_WARN_64_TO_32_BIT_CONVERSION = YES;
				GCC_WARN_ABOUT_RETURN_TYPE = YES_ERROR;
				GCC_WARN_UNDECLARED_SELECTOR = YES;
				GCC_WARN_UNINITIALIZED_AUTOS = YES_AGGRESSIVE;
				GCC_WARN_UNUSED_FUNCTION = YES;
				GCC_WARN_UNUSED_VARIABLE = YES;
				IPHONEOS_DEPLOYMENT_TARGET = 17.2;
				LOCALIZATION_PREFERS_STRING_CATALOGS = YES;
				MTL_ENABLE_DEBUG_INFO = INCLUDE_SOURCE;
				MTL_FAST_MATH = YES;
				ONLY_ACTIVE_ARCH = YES;
				SDKROOT = iphoneos;
				SWIFT_ACTIVE_COMPILATION_CONDITIONS = "DEBUG $(inherited)";
				SWIFT_OPTIMIZATION_LEVEL = "-Onone";
			};
			name = Debug;
		};
		D6FF0E852C2CD33F00856907 /* Release */ = {
			isa = XCBuildConfiguration;
			buildSettings = {
				ALWAYS_SEARCH_USER_PATHS = NO;
				ASSETCATALOG_COMPILER_GENERATE_SWIFT_ASSET_SYMBOL_EXTENSIONS = YES;
				CLANG_ANALYZER_NONNULL = YES;
				CLANG_ANALYZER_NUMBER_OBJECT_CONVERSION = YES_AGGRESSIVE;
				CLANG_CXX_LANGUAGE_STANDARD = "gnu++20";
				CLANG_ENABLE_MODULES = YES;
				CLANG_ENABLE_OBJC_ARC = YES;
				CLANG_ENABLE_OBJC_WEAK = YES;
				CLANG_WARN_BLOCK_CAPTURE_AUTORELEASING = YES;
				CLANG_WARN_BOOL_CONVERSION = YES;
				CLANG_WARN_COMMA = YES;
				CLANG_WARN_CONSTANT_CONVERSION = YES;
				CLANG_WARN_DEPRECATED_OBJC_IMPLEMENTATIONS = YES;
				CLANG_WARN_DIRECT_OBJC_ISA_USAGE = YES_ERROR;
				CLANG_WARN_DOCUMENTATION_COMMENTS = YES;
				CLANG_WARN_EMPTY_BODY = YES;
				CLANG_WARN_ENUM_CONVERSION = YES;
				CLANG_WARN_INFINITE_RECURSION = YES;
				CLANG_WARN_INT_CONVERSION = YES;
				CLANG_WARN_NON_LITERAL_NULL_CONVERSION = YES;
				CLANG_WARN_OBJC_IMPLICIT_RETAIN_SELF = YES;
				CLANG_WARN_OBJC_LITERAL_CONVERSION = YES;
				CLANG_WARN_OBJC_ROOT_CLASS = YES_ERROR;
				CLANG_WARN_QUOTED_INCLUDE_IN_FRAMEWORK_HEADER = YES;
				CLANG_WARN_RANGE_LOOP_ANALYSIS = YES;
				CLANG_WARN_STRICT_PROTOTYPES = YES;
				CLANG_WARN_SUSPICIOUS_MOVE = YES;
				CLANG_WARN_UNGUARDED_AVAILABILITY = YES_AGGRESSIVE;
				CLANG_WARN_UNREACHABLE_CODE = YES;
				CLANG_WARN__DUPLICATE_METHOD_MATCH = YES;
				COPY_PHASE_STRIP = NO;
				DEBUG_INFORMATION_FORMAT = "dwarf-with-dsym";
				ENABLE_NS_ASSERTIONS = NO;
				ENABLE_STRICT_OBJC_MSGSEND = YES;
				ENABLE_USER_SCRIPT_SANDBOXING = YES;
				GCC_C_LANGUAGE_STANDARD = gnu17;
				GCC_NO_COMMON_BLOCKS = YES;
				GCC_WARN_64_TO_32_BIT_CONVERSION = YES;
				GCC_WARN_ABOUT_RETURN_TYPE = YES_ERROR;
				GCC_WARN_UNDECLARED_SELECTOR = YES;
				GCC_WARN_UNINITIALIZED_AUTOS = YES_AGGRESSIVE;
				GCC_WARN_UNUSED_FUNCTION = YES;
				GCC_WARN_UNUSED_VARIABLE = YES;
				IPHONEOS_DEPLOYMENT_TARGET = 17.2;
				LOCALIZATION_PREFERS_STRING_CATALOGS = YES;
				MTL_ENABLE_DEBUG_INFO = NO;
				MTL_FAST_MATH = YES;
				SDKROOT = iphoneos;
				SWIFT_COMPILATION_MODE = wholemodule;
				VALIDATE_PRODUCT = YES;
			};
			name = Release;
		};
		D6FF0E872C2CD33F00856907 /* Debug */ = {
			isa = XCBuildConfiguration;
			buildSettings = {
				ASSETCATALOG_COMPILER_APPICON_NAME = AppIcon;
				ASSETCATALOG_COMPILER_GLOBAL_ACCENT_COLOR_NAME = AccentColor;
				CODE_SIGN_STYLE = Automatic;
				CURRENT_PROJECT_VERSION = 1;
				DEVELOPMENT_ASSET_PATHS = "\"MosaicArt/Preview Content\"";
				ENABLE_PREVIEWS = YES;
				GENERATE_INFOPLIST_FILE = YES;
				INFOPLIST_KEY_UIApplicationSceneManifest_Generation = YES;
				INFOPLIST_KEY_UIApplicationSupportsIndirectInputEvents = YES;
				INFOPLIST_KEY_UILaunchScreen_Generation = YES;
				INFOPLIST_KEY_UISupportedInterfaceOrientations_iPad = "UIInterfaceOrientationPortrait UIInterfaceOrientationPortraitUpsideDown UIInterfaceOrientationLandscapeLeft UIInterfaceOrientationLandscapeRight";
				INFOPLIST_KEY_UISupportedInterfaceOrientations_iPhone = "UIInterfaceOrientationPortrait UIInterfaceOrientationLandscapeLeft UIInterfaceOrientationLandscapeRight";
				LD_RUNPATH_SEARCH_PATHS = (
					"$(inherited)",
					"@executable_path/Frameworks",
				);
				MARKETING_VERSION = 1.0;
				PRODUCT_BUNDLE_IDENTIFIER = com.example.fluffy.MosaicArt;
				PRODUCT_NAME = "$(TARGET_NAME)";
				SWIFT_EMIT_LOC_STRINGS = YES;
				SWIFT_VERSION = 5.0;
				TARGETED_DEVICE_FAMILY = "1,2";
			};
			name = Debug;
		};
		D6FF0E882C2CD33F00856907 /* Release */ = {
			isa = XCBuildConfiguration;
			buildSettings = {
				ASSETCATALOG_COMPILER_APPICON_NAME = AppIcon;
				ASSETCATALOG_COMPILER_GLOBAL_ACCENT_COLOR_NAME = AccentColor;
				CODE_SIGN_STYLE = Automatic;
				CURRENT_PROJECT_VERSION = 1;
				DEVELOPMENT_ASSET_PATHS = "\"MosaicArt/Preview Content\"";
				ENABLE_PREVIEWS = YES;
				GENERATE_INFOPLIST_FILE = YES;
				INFOPLIST_KEY_UIApplicationSceneManifest_Generation = YES;
				INFOPLIST_KEY_UIApplicationSupportsIndirectInputEvents = YES;
				INFOPLIST_KEY_UILaunchScreen_Generation = YES;
				INFOPLIST_KEY_UISupportedInterfaceOrientations_iPad = "UIInterfaceOrientationPortrait UIInterfaceOrientationPortraitUpsideDown UIInterfaceOrientationLandscapeLeft UIInterfaceOrientationLandscapeRight";
				INFOPLIST_KEY_UISupportedInterfaceOrientations_iPhone = "UIInterfaceOrientationPortrait UIInterfaceOrientationLandscapeLeft UIInterfaceOrientationLandscapeRight";
				LD_RUNPATH_SEARCH_PATHS = (
					"$(inherited)",
					"@executable_path/Frameworks",
				);
				MARKETING_VERSION = 1.0;
				PRODUCT_BUNDLE_IDENTIFIER = com.example.fluffy.MosaicArt;
				PRODUCT_NAME = "$(TARGET_NAME)";
				SWIFT_EMIT_LOC_STRINGS = YES;
				SWIFT_VERSION = 5.0;
				TARGETED_DEVICE_FAMILY = "1,2";
			};
			name = Release;
		};
/* End XCBuildConfiguration section */

/* Begin XCConfigurationList section */
		D6FF0E732C2CD33D00856907 /* Build configuration list for PBXProject "MosaicArt" */ = {
			isa = XCConfigurationList;
			buildConfigurations = (
				D6FF0E842C2CD33F00856907 /* Debug */,
				D6FF0E852C2CD33F00856907 /* Release */,
			);
			defaultConfigurationIsVisible = 0;
			defaultConfigurationName = Release;
		};
		D6FF0E862C2CD33F00856907 /* Build configuration list for PBXNativeTarget "MosaicArt" */ = {
			isa = XCConfigurationList;
			buildConfigurations = (
				D6FF0E872C2CD33F00856907 /* Debug */,
				D6FF0E882C2CD33F00856907 /* Release */,
			);
			defaultConfigurationIsVisible = 0;
			defaultConfigurationName = Release;
		};
/* End XCConfigurationList section */

/* Begin XCRemoteSwiftPackageReference section */
		D6878BA72C3CA10E00FD4827 /* XCRemoteSwiftPackageReference "firebase-ios-sdk" */ = {
			isa = XCRemoteSwiftPackageReference;
			repositoryURL = "https://github.com/firebase/firebase-ios-sdk";
			requirement = {
				kind = upToNextMajorVersion;
				minimumVersion = 10.29.0;
			};
		};
/* End XCRemoteSwiftPackageReference section */

/* Begin XCSwiftPackageProductDependency section */
		D6878BA82C3CA10E00FD4827 /* FirebaseAnalytics */ = {
			isa = XCSwiftPackageProductDependency;
			package = D6878BA72C3CA10E00FD4827 /* XCRemoteSwiftPackageReference "firebase-ios-sdk" */;
			productName = FirebaseAnalytics;
		};
		D6878BAA2C3CA10E00FD4827 /* FirebaseAnalyticsOnDeviceConversion */ = {
			isa = XCSwiftPackageProductDependency;
			package = D6878BA72C3CA10E00FD4827 /* XCRemoteSwiftPackageReference "firebase-ios-sdk" */;
			productName = FirebaseAnalyticsOnDeviceConversion;
		};
		D6878BAC2C3CA10E00FD4827 /* FirebaseAnalyticsSwift */ = {
			isa = XCSwiftPackageProductDependency;
			package = D6878BA72C3CA10E00FD4827 /* XCRemoteSwiftPackageReference "firebase-ios-sdk" */;
			productName = FirebaseAnalyticsSwift;
		};
		D6878BAE2C3CA10E00FD4827 /* FirebaseAnalyticsWithoutAdIdSupport */ = {
			isa = XCSwiftPackageProductDependency;
			package = D6878BA72C3CA10E00FD4827 /* XCRemoteSwiftPackageReference "firebase-ios-sdk" */;
			productName = FirebaseAnalyticsWithoutAdIdSupport;
		};
		D6878BB02C3CA10E00FD4827 /* FirebaseAppCheck */ = {
			isa = XCSwiftPackageProductDependency;
			package = D6878BA72C3CA10E00FD4827 /* XCRemoteSwiftPackageReference "firebase-ios-sdk" */;
			productName = FirebaseAppCheck;
		};
		D6878BB22C3CA10E00FD4827 /* FirebaseAppDistribution-Beta */ = {
			isa = XCSwiftPackageProductDependency;
			package = D6878BA72C3CA10E00FD4827 /* XCRemoteSwiftPackageReference "firebase-ios-sdk" */;
			productName = "FirebaseAppDistribution-Beta";
		};
		D6878BB42C3CA10E00FD4827 /* FirebaseAuth */ = {
			isa = XCSwiftPackageProductDependency;
			package = D6878BA72C3CA10E00FD4827 /* XCRemoteSwiftPackageReference "firebase-ios-sdk" */;
			productName = FirebaseAuth;
		};
		D6878BB62C3CA10E00FD4827 /* FirebaseAuthCombine-Community */ = {
			isa = XCSwiftPackageProductDependency;
			package = D6878BA72C3CA10E00FD4827 /* XCRemoteSwiftPackageReference "firebase-ios-sdk" */;
			productName = "FirebaseAuthCombine-Community";
		};
		D6878BB82C3CA10E00FD4827 /* FirebaseCrashlytics */ = {
			isa = XCSwiftPackageProductDependency;
			package = D6878BA72C3CA10E00FD4827 /* XCRemoteSwiftPackageReference "firebase-ios-sdk" */;
			productName = FirebaseCrashlytics;
		};
		D6878BBA2C3CA10E00FD4827 /* FirebaseDatabase */ = {
			isa = XCSwiftPackageProductDependency;
			package = D6878BA72C3CA10E00FD4827 /* XCRemoteSwiftPackageReference "firebase-ios-sdk" */;
			productName = FirebaseDatabase;
		};
		D6878BBC2C3CA10E00FD4827 /* FirebaseDatabaseSwift */ = {
			isa = XCSwiftPackageProductDependency;
			package = D6878BA72C3CA10E00FD4827 /* XCRemoteSwiftPackageReference "firebase-ios-sdk" */;
			productName = FirebaseDatabaseSwift;
		};
		D6878BBE2C3CA10E00FD4827 /* FirebaseDynamicLinks */ = {
			isa = XCSwiftPackageProductDependency;
			package = D6878BA72C3CA10E00FD4827 /* XCRemoteSwiftPackageReference "firebase-ios-sdk" */;
			productName = FirebaseDynamicLinks;
		};
		D6878BC02C3CA10E00FD4827 /* FirebaseFirestore */ = {
			isa = XCSwiftPackageProductDependency;
			package = D6878BA72C3CA10E00FD4827 /* XCRemoteSwiftPackageReference "firebase-ios-sdk" */;
			productName = FirebaseFirestore;
		};
		D6878BC22C3CA10E00FD4827 /* FirebaseFirestoreCombine-Community */ = {
			isa = XCSwiftPackageProductDependency;
			package = D6878BA72C3CA10E00FD4827 /* XCRemoteSwiftPackageReference "firebase-ios-sdk" */;
			productName = "FirebaseFirestoreCombine-Community";
		};
		D6878BC42C3CA10E00FD4827 /* FirebaseFirestoreSwift */ = {
			isa = XCSwiftPackageProductDependency;
			package = D6878BA72C3CA10E00FD4827 /* XCRemoteSwiftPackageReference "firebase-ios-sdk" */;
			productName = FirebaseFirestoreSwift;
		};
		D6878BC62C3CA10E00FD4827 /* FirebaseFunctions */ = {
			isa = XCSwiftPackageProductDependency;
			package = D6878BA72C3CA10E00FD4827 /* XCRemoteSwiftPackageReference "firebase-ios-sdk" */;
			productName = FirebaseFunctions;
		};
		D6878BC82C3CA10E00FD4827 /* FirebaseFunctionsCombine-Community */ = {
			isa = XCSwiftPackageProductDependency;
			package = D6878BA72C3CA10E00FD4827 /* XCRemoteSwiftPackageReference "firebase-ios-sdk" */;
			productName = "FirebaseFunctionsCombine-Community";
		};
		D6878BCA2C3CA10E00FD4827 /* FirebaseInAppMessaging-Beta */ = {
			isa = XCSwiftPackageProductDependency;
			package = D6878BA72C3CA10E00FD4827 /* XCRemoteSwiftPackageReference "firebase-ios-sdk" */;
			productName = "FirebaseInAppMessaging-Beta";
		};
		D6878BCC2C3CA10E00FD4827 /* FirebaseInAppMessagingSwift-Beta */ = {
			isa = XCSwiftPackageProductDependency;
			package = D6878BA72C3CA10E00FD4827 /* XCRemoteSwiftPackageReference "firebase-ios-sdk" */;
			productName = "FirebaseInAppMessagingSwift-Beta";
		};
		D6878BCE2C3CA10E00FD4827 /* FirebaseInstallations */ = {
			isa = XCSwiftPackageProductDependency;
			package = D6878BA72C3CA10E00FD4827 /* XCRemoteSwiftPackageReference "firebase-ios-sdk" */;
			productName = FirebaseInstallations;
		};
		D6878BD02C3CA10E00FD4827 /* FirebaseMLModelDownloader */ = {
			isa = XCSwiftPackageProductDependency;
			package = D6878BA72C3CA10E00FD4827 /* XCRemoteSwiftPackageReference "firebase-ios-sdk" */;
			productName = FirebaseMLModelDownloader;
		};
		D6878BD22C3CA10E00FD4827 /* FirebaseMessaging */ = {
			isa = XCSwiftPackageProductDependency;
			package = D6878BA72C3CA10E00FD4827 /* XCRemoteSwiftPackageReference "firebase-ios-sdk" */;
			productName = FirebaseMessaging;
		};
		D6878BD42C3CA10E00FD4827 /* FirebasePerformance */ = {
			isa = XCSwiftPackageProductDependency;
			package = D6878BA72C3CA10E00FD4827 /* XCRemoteSwiftPackageReference "firebase-ios-sdk" */;
			productName = FirebasePerformance;
		};
		D6878BD62C3CA10E00FD4827 /* FirebaseRemoteConfig */ = {
			isa = XCSwiftPackageProductDependency;
			package = D6878BA72C3CA10E00FD4827 /* XCRemoteSwiftPackageReference "firebase-ios-sdk" */;
			productName = FirebaseRemoteConfig;
		};
		D6878BD82C3CA10E00FD4827 /* FirebaseRemoteConfigSwift */ = {
			isa = XCSwiftPackageProductDependency;
			package = D6878BA72C3CA10E00FD4827 /* XCRemoteSwiftPackageReference "firebase-ios-sdk" */;
			productName = FirebaseRemoteConfigSwift;
		};
		D6878BDA2C3CA10E00FD4827 /* FirebaseStorage */ = {
			isa = XCSwiftPackageProductDependency;
			package = D6878BA72C3CA10E00FD4827 /* XCRemoteSwiftPackageReference "firebase-ios-sdk" */;
			productName = FirebaseStorage;
		};
		D6878BDC2C3CA10E00FD4827 /* FirebaseStorageCombine-Community */ = {
			isa = XCSwiftPackageProductDependency;
			package = D6878BA72C3CA10E00FD4827 /* XCRemoteSwiftPackageReference "firebase-ios-sdk" */;
			productName = "FirebaseStorageCombine-Community";
		};
		D6878BDE2C3CA10E00FD4827 /* FirebaseVertexAI-Preview */ = {
			isa = XCSwiftPackageProductDependency;
			package = D6878BA72C3CA10E00FD4827 /* XCRemoteSwiftPackageReference "firebase-ios-sdk" */;
			productName = "FirebaseVertexAI-Preview";
		};
/* End XCSwiftPackageProductDependency section */
	};
	rootObject = D6FF0E702C2CD33D00856907 /* Project object */;
}
